// !$*UTF8*$!
{
	archiveVersion = 1;
	classes = {
	};
	objectVersion = 50;
	objects = {

/* Begin PBXBuildFile section */
		1B1054A8231D51E20067E7AF /* AppDelegate.swift in Sources */ = {isa = PBXBuildFile; fileRef = 1B1054A7231D51E20067E7AF /* AppDelegate.swift */; };
		1B1054AA231D51E20067E7AF /* DiaryViewController.swift in Sources */ = {isa = PBXBuildFile; fileRef = 1B1054A9231D51E20067E7AF /* DiaryViewController.swift */; };
		1B1054AD231D51E20067E7AF /* Diary.storyboard in Resources */ = {isa = PBXBuildFile; fileRef = 1B1054AB231D51E20067E7AF /* Diary.storyboard */; };
		1B1054AF231D51E40067E7AF /* Assets.xcassets in Resources */ = {isa = PBXBuildFile; fileRef = 1B1054AE231D51E40067E7AF /* Assets.xcassets */; };
		1B1054B2231D51E40067E7AF /* LaunchScreen.storyboard in Resources */ = {isa = PBXBuildFile; fileRef = 1B1054B0231D51E40067E7AF /* LaunchScreen.storyboard */; };
		1B1054D7231EA6660067E7AF /* TabBer.swift in Sources */ = {isa = PBXBuildFile; fileRef = 1B1054D6231EA6660067E7AF /* TabBer.swift */; };
		1B1C40E3245FED3800229040 /* RxCocoa.framework in Frameworks */ = {isa = PBXBuildFile; fileRef = 1B1C40E0245FED3800229040 /* RxCocoa.framework */; };
		1B1C40E4245FED3800229040 /* RxRelay.framework in Frameworks */ = {isa = PBXBuildFile; fileRef = 1B1C40E1245FED3800229040 /* RxRelay.framework */; };
		1B1C40E5245FED3800229040 /* RxSwift.framework in Frameworks */ = {isa = PBXBuildFile; fileRef = 1B1C40E2245FED3800229040 /* RxSwift.framework */; };
		1B2894E1232531370090A221 /* NewsViewController.swift in Sources */ = {isa = PBXBuildFile; fileRef = 1B2894E0232531370090A221 /* NewsViewController.swift */; };
		1B2894E32325314C0090A221 /* LocationViewController.swift in Sources */ = {isa = PBXBuildFile; fileRef = 1B2894E22325314C0090A221 /* LocationViewController.swift */; };
		1B2894E5232531570090A221 /* HomeViewController.swift in Sources */ = {isa = PBXBuildFile; fileRef = 1B2894E4232531570090A221 /* HomeViewController.swift */; };
		1B2894E7232531670090A221 /* News.storyboard in Resources */ = {isa = PBXBuildFile; fileRef = 1B2894E6232531670090A221 /* News.storyboard */; };
		1B2894E9232531860090A221 /* Location.storyboard in Resources */ = {isa = PBXBuildFile; fileRef = 1B2894E8232531860090A221 /* Location.storyboard */; };
		1B2894EB232531920090A221 /* Home.storyboard in Resources */ = {isa = PBXBuildFile; fileRef = 1B2894EA232531920090A221 /* Home.storyboard */; };
		1B28CF302369CFF300C756B0 /* home@2x.png in Resources */ = {isa = PBXBuildFile; fileRef = 1B28CF2F2369CFF200C756B0 /* home@2x.png */; };
		1B28CF322369D07000C756B0 /* news@2x.png in Resources */ = {isa = PBXBuildFile; fileRef = 1B28CF312369D07000C756B0 /* news@2x.png */; };
		1B28CF342369D0CE00C756B0 /* camera@2x.png in Resources */ = {isa = PBXBuildFile; fileRef = 1B28CF332369D0CE00C756B0 /* camera@2x.png */; };
		1B28CF362369D12C00C756B0 /* location@2x.png in Resources */ = {isa = PBXBuildFile; fileRef = 1B28CF352369D12C00C756B0 /* location@2x.png */; };
		1B28CF382369D1A200C756B0 /* diary@2x.png in Resources */ = {isa = PBXBuildFile; fileRef = 1B28CF372369D1A200C756B0 /* diary@2x.png */; };
		1B28CF3A2369D59C00C756B0 /* ChalkboardSE.ttc in Resources */ = {isa = PBXBuildFile; fileRef = 1B28CF392369D59C00C756B0 /* ChalkboardSE.ttc */; };
		1B2A97EB2371B06600113C8E /* image.swift in Sources */ = {isa = PBXBuildFile; fileRef = 1B2A97EA2371B06600113C8E /* image.swift */; };
		1B2B939C2322AEED0015CB8A /* Strings.swift in Sources */ = {isa = PBXBuildFile; fileRef = 1B2B939B2322AEED0015CB8A /* Strings.swift */; };
		1B2B939F2322AF710015CB8A /* TabBar.strings in Resources */ = {isa = PBXBuildFile; fileRef = 1B2B939E2322AF710015CB8A /* TabBar.strings */; };
		1B2CAB7C232141C700590B47 /* TabBerModel.swift in Sources */ = {isa = PBXBuildFile; fileRef = 1B2CAB7B232141C700590B47 /* TabBerModel.swift */; };
		1B2DC7AE23686FC600B9CB42 /* NavigationBar.swift in Sources */ = {isa = PBXBuildFile; fileRef = 1B2DC7AD23686FC600B9CB42 /* NavigationBar.swift */; };
		1B2F08B323215470002BAF6E /* MemoriesViewController.swift in Sources */ = {isa = PBXBuildFile; fileRef = 1B2F08B123215470002BAF6E /* MemoriesViewController.swift */; };
		1B2F08B923215A07002BAF6E /* Memories.storyboard in Resources */ = {isa = PBXBuildFile; fileRef = 1B2F08B823215A07002BAF6E /* Memories.storyboard */; };
		1B2FE998236C6CB000677ACA /* NewsTableViewCell.swift in Sources */ = {isa = PBXBuildFile; fileRef = 1B2FE996236C6CB000677ACA /* NewsTableViewCell.swift */; };
		1B2FE999236C6CB000677ACA /* NewsTableViewCell.xib in Resources */ = {isa = PBXBuildFile; fileRef = 1B2FE997236C6CB000677ACA /* NewsTableViewCell.xib */; };
		1B493B6B246841480078004C /* RealmSwift.framework in Frameworks */ = {isa = PBXBuildFile; fileRef = 1B493B6A246841480078004C /* RealmSwift.framework */; };
		1B493B6D246841580078004C /* Realm.framework in Frameworks */ = {isa = PBXBuildFile; fileRef = 1B493B6C246841580078004C /* Realm.framework */; };
		1B4CB8662487CB40004E78A5 /* PhotoLibraryViewController.swift in Sources */ = {isa = PBXBuildFile; fileRef = 1B4CB8652487CB40004E78A5 /* PhotoLibraryViewController.swift */; };
		1B4CB8682487CB55004E78A5 /* PhotoLibrary.storyboard in Resources */ = {isa = PBXBuildFile; fileRef = 1B4CB8672487CB55004E78A5 /* PhotoLibrary.storyboard */; };
		1B4CB86B2487D7CF004E78A5 /* PhotoImageCollectionViewCell.swift in Sources */ = {isa = PBXBuildFile; fileRef = 1B4CB8692487D7CF004E78A5 /* PhotoImageCollectionViewCell.swift */; };
		1B4CB86C2487D7CF004E78A5 /* PhotoImageCollectionViewCell.xib in Resources */ = {isa = PBXBuildFile; fileRef = 1B4CB86A2487D7CF004E78A5 /* PhotoImageCollectionViewCell.xib */; };
		1B4CB86E2487DB0D004E78A5 /* delete@2x.png in Resources */ = {isa = PBXBuildFile; fileRef = 1B4CB86D2487DB0D004E78A5 /* delete@2x.png */; };
		1B4D87FC247F73E400DDE78B /* return_icon@2x.png in Resources */ = {isa = PBXBuildFile; fileRef = 1B4D87FB247F73E300DDE78B /* return_icon@2x.png */; };
		1B50A1EB246AD34500F08485 /* LocationDataCell.swift in Sources */ = {isa = PBXBuildFile; fileRef = 1B50A1E9246AD34500F08485 /* LocationDataCell.swift */; };
		1B50A1EC246AD34500F08485 /* LocationDataCell.xib in Resources */ = {isa = PBXBuildFile; fileRef = 1B50A1EA246AD34500F08485 /* LocationDataCell.xib */; };
		1B50AFFB24910B71002E439C /* DiaryCell.swift in Sources */ = {isa = PBXBuildFile; fileRef = 1B50AFF924910B71002E439C /* DiaryCell.swift */; };
		1B50AFFC24910B71002E439C /* DiaryCell.xib in Resources */ = {isa = PBXBuildFile; fileRef = 1B50AFFA24910B71002E439C /* DiaryCell.xib */; };
		1B53D77523B39ED100DA6E91 /* create@2x.png in Resources */ = {isa = PBXBuildFile; fileRef = 1B53D77423B39ED100DA6E91 /* create@2x.png */; };
		1B55298723B5D810000BF3C8 /* Splash.storyboard in Resources */ = {isa = PBXBuildFile; fileRef = 1B55298623B5D810000BF3C8 /* Splash.storyboard */; };
		1B55E7C623AA601A00D8402C /* LocationViewModel.swift in Sources */ = {isa = PBXBuildFile; fileRef = 1B55E7C523AA601A00D8402C /* LocationViewModel.swift */; };
		1B55E7C823AA608900D8402C /* Location.strings in Resources */ = {isa = PBXBuildFile; fileRef = 1B55E7C723AA608900D8402C /* Location.strings */; };
		1B5698F323A66F7B0095C7D3 /* Indicator.swift in Sources */ = {isa = PBXBuildFile; fileRef = 1B5698F223A66F7B0095C7D3 /* Indicator.swift */; };
		1B5A258D2470204400485B56 /* remove@2x.png in Resources */ = {isa = PBXBuildFile; fileRef = 1B5A258C2470204400485B56 /* remove@2x.png */; };
		1B630A97243470E7007D22D0 /* ScheduleCreationViewController.swift in Sources */ = {isa = PBXBuildFile; fileRef = 1B630A96243470E7007D22D0 /* ScheduleCreationViewController.swift */; };
		1B630A99243470FF007D22D0 /* ScheduleCreation.storyboard in Resources */ = {isa = PBXBuildFile; fileRef = 1B630A98243470FF007D22D0 /* ScheduleCreation.storyboard */; };
		1B73AA7D2430300B008C02A4 /* NewsCollectionViewCell.swift in Sources */ = {isa = PBXBuildFile; fileRef = 1B73AA7B2430300B008C02A4 /* NewsCollectionViewCell.swift */; };
		1B73AA7E2430300B008C02A4 /* NewsCollectionViewCell.xib in Resources */ = {isa = PBXBuildFile; fileRef = 1B73AA7C2430300B008C02A4 /* NewsCollectionViewCell.xib */; };
		1B87B771244C264300488631 /* JBDatePicker.framework in Frameworks */ = {isa = PBXBuildFile; fileRef = 1B87B770244C264300488631 /* JBDatePicker.framework */; };
		1B87B772244C264300488631 /* JBDatePicker.framework in Embed Frameworks */ = {isa = PBXBuildFile; fileRef = 1B87B770244C264300488631 /* JBDatePicker.framework */; settings = {ATTRIBUTES = (CodeSignOnCopy, RemoveHeadersOnCopy, ); }; };
		1B87B774244C265000488631 /* LTMorphingLabel.framework in Frameworks */ = {isa = PBXBuildFile; fileRef = 1B87B773244C265000488631 /* LTMorphingLabel.framework */; };
		1B87B775244C265000488631 /* LTMorphingLabel.framework in Embed Frameworks */ = {isa = PBXBuildFile; fileRef = 1B87B773244C265000488631 /* LTMorphingLabel.framework */; settings = {ATTRIBUTES = (CodeSignOnCopy, RemoveHeadersOnCopy, ); }; };
		1B87B777244C265E00488631 /* NVActivityIndicatorView.framework in Frameworks */ = {isa = PBXBuildFile; fileRef = 1B87B776244C265E00488631 /* NVActivityIndicatorView.framework */; };
		1B87B778244C265E00488631 /* NVActivityIndicatorView.framework in Embed Frameworks */ = {isa = PBXBuildFile; fileRef = 1B87B776244C265E00488631 /* NVActivityIndicatorView.framework */; settings = {ATTRIBUTES = (CodeSignOnCopy, RemoveHeadersOnCopy, ); }; };
		1B87B780244C268300488631 /* SWXMLHash.framework in Frameworks */ = {isa = PBXBuildFile; fileRef = 1B87B77F244C268300488631 /* SWXMLHash.framework */; };
		1B87B781244C268300488631 /* SWXMLHash.framework in Embed Frameworks */ = {isa = PBXBuildFile; fileRef = 1B87B77F244C268300488631 /* SWXMLHash.framework */; settings = {ATTRIBUTES = (CodeSignOnCopy, RemoveHeadersOnCopy, ); }; };
		1B96D8A2248A930200C4A2FF /* closeButton@2x.png in Resources */ = {isa = PBXBuildFile; fileRef = 1B96D8A1248A930200C4A2FF /* closeButton@2x.png */; };
		1BAF7B4823A3DD30003C8A59 /* WebViewController.swift in Sources */ = {isa = PBXBuildFile; fileRef = 1BAF7B4723A3DD30003C8A59 /* WebViewController.swift */; };
		1BAF7B4A23A3DD7F003C8A59 /* WebView.storyboard in Resources */ = {isa = PBXBuildFile; fileRef = 1BAF7B4923A3DD7F003C8A59 /* WebView.storyboard */; };
		1BAF7B4C23A3DDF6003C8A59 /* WebView.swift in Sources */ = {isa = PBXBuildFile; fileRef = 1BAF7B4B23A3DDF6003C8A59 /* WebView.swift */; };
		1BAF7B4E23A3DE6D003C8A59 /* Splash.swift in Sources */ = {isa = PBXBuildFile; fileRef = 1BAF7B4D23A3DE6D003C8A59 /* Splash.swift */; };
		1BC88DB8236EE69B00C63F30 /* NewsViewModel.swift in Sources */ = {isa = PBXBuildFile; fileRef = 1BC88DB7236EE69B00C63F30 /* NewsViewModel.swift */; };
		1BD71D3024684A280092206E /* DataManagement.swift in Sources */ = {isa = PBXBuildFile; fileRef = 1BD71D2F24684A280092206E /* DataManagement.swift */; };
		1BEDF578248134540096CDEB /* SlideView.swift in Sources */ = {isa = PBXBuildFile; fileRef = 1BEDF577248134540096CDEB /* SlideView.swift */; };
/* End PBXBuildFile section */

/* Begin PBXContainerItemProxy section */
		1B1054B9231D51E40067E7AF /* PBXContainerItemProxy */ = {
			isa = PBXContainerItemProxy;
			containerPortal = 1B10549C231D51E20067E7AF /* Project object */;
			proxyType = 1;
			remoteGlobalIDString = 1B1054A3231D51E20067E7AF;
			remoteInfo = Diary;
		};
		1B1054C4231D51E40067E7AF /* PBXContainerItemProxy */ = {
			isa = PBXContainerItemProxy;
			containerPortal = 1B10549C231D51E20067E7AF /* Project object */;
			proxyType = 1;
			remoteGlobalIDString = 1B1054A3231D51E20067E7AF;
			remoteInfo = Diary;
		};
/* End PBXContainerItemProxy section */

/* Begin PBXCopyFilesBuildPhase section */
		1B4409B623BE354D008BC07C /* Embed Frameworks */ = {
			isa = PBXCopyFilesBuildPhase;
			buildActionMask = 2147483647;
			dstPath = "";
			dstSubfolderSpec = 10;
			files = (
				1B87B781244C268300488631 /* SWXMLHash.framework in Embed Frameworks */,
				1B87B772244C264300488631 /* JBDatePicker.framework in Embed Frameworks */,
				1B87B775244C265000488631 /* LTMorphingLabel.framework in Embed Frameworks */,
				1B87B778244C265E00488631 /* NVActivityIndicatorView.framework in Embed Frameworks */,
			);
			name = "Embed Frameworks";
			runOnlyForDeploymentPostprocessing = 0;
		};
/* End PBXCopyFilesBuildPhase section */

/* Begin PBXFileReference section */
		1B1054A4231D51E20067E7AF /* Diary.app */ = {isa = PBXFileReference; explicitFileType = wrapper.application; includeInIndex = 0; path = Diary.app; sourceTree = BUILT_PRODUCTS_DIR; };
		1B1054A7231D51E20067E7AF /* AppDelegate.swift */ = {isa = PBXFileReference; lastKnownFileType = sourcecode.swift; path = AppDelegate.swift; sourceTree = "<group>"; };
		1B1054A9231D51E20067E7AF /* DiaryViewController.swift */ = {isa = PBXFileReference; lastKnownFileType = sourcecode.swift; path = DiaryViewController.swift; sourceTree = "<group>"; };
		1B1054AC231D51E20067E7AF /* Base */ = {isa = PBXFileReference; lastKnownFileType = file.storyboard; name = Base; path = Base.lproj/Diary.storyboard; sourceTree = "<group>"; };
		1B1054AE231D51E40067E7AF /* Assets.xcassets */ = {isa = PBXFileReference; lastKnownFileType = folder.assetcatalog; path = Assets.xcassets; sourceTree = "<group>"; };
		1B1054B1231D51E40067E7AF /* Base */ = {isa = PBXFileReference; lastKnownFileType = file.storyboard; name = Base; path = Base.lproj/LaunchScreen.storyboard; sourceTree = "<group>"; };
		1B1054B3231D51E40067E7AF /* Info.plist */ = {isa = PBXFileReference; lastKnownFileType = text.plist.xml; path = Info.plist; sourceTree = "<group>"; };
		1B1054B8231D51E40067E7AF /* DiaryTests.xctest */ = {isa = PBXFileReference; explicitFileType = wrapper.cfbundle; includeInIndex = 0; path = DiaryTests.xctest; sourceTree = BUILT_PRODUCTS_DIR; };
		1B1054C3231D51E40067E7AF /* DiaryUITests.xctest */ = {isa = PBXFileReference; explicitFileType = wrapper.cfbundle; includeInIndex = 0; path = DiaryUITests.xctest; sourceTree = BUILT_PRODUCTS_DIR; };
		1B1054D6231EA6660067E7AF /* TabBer.swift */ = {isa = PBXFileReference; lastKnownFileType = sourcecode.swift; path = TabBer.swift; sourceTree = "<group>"; };
		1B1C40E0245FED3800229040 /* RxCocoa.framework */ = {isa = PBXFileReference; lastKnownFileType = wrapper.framework; name = RxCocoa.framework; path = Carthage/Build/iOS/RxCocoa.framework; sourceTree = "<group>"; };
		1B1C40E1245FED3800229040 /* RxRelay.framework */ = {isa = PBXFileReference; lastKnownFileType = wrapper.framework; name = RxRelay.framework; path = Carthage/Build/iOS/RxRelay.framework; sourceTree = "<group>"; };
		1B1C40E2245FED3800229040 /* RxSwift.framework */ = {isa = PBXFileReference; lastKnownFileType = wrapper.framework; name = RxSwift.framework; path = Carthage/Build/iOS/RxSwift.framework; sourceTree = "<group>"; };
		1B2894E0232531370090A221 /* NewsViewController.swift */ = {isa = PBXFileReference; lastKnownFileType = sourcecode.swift; path = NewsViewController.swift; sourceTree = "<group>"; };
		1B2894E22325314C0090A221 /* LocationViewController.swift */ = {isa = PBXFileReference; lastKnownFileType = sourcecode.swift; path = LocationViewController.swift; sourceTree = "<group>"; };
		1B2894E4232531570090A221 /* HomeViewController.swift */ = {isa = PBXFileReference; lastKnownFileType = sourcecode.swift; path = HomeViewController.swift; sourceTree = "<group>"; };
		1B2894E6232531670090A221 /* News.storyboard */ = {isa = PBXFileReference; lastKnownFileType = file.storyboard; path = News.storyboard; sourceTree = "<group>"; };
		1B2894E8232531860090A221 /* Location.storyboard */ = {isa = PBXFileReference; lastKnownFileType = file.storyboard; path = Location.storyboard; sourceTree = "<group>"; };
		1B2894EA232531920090A221 /* Home.storyboard */ = {isa = PBXFileReference; lastKnownFileType = file.storyboard; path = Home.storyboard; sourceTree = "<group>"; };
		1B28CF2F2369CFF200C756B0 /* home@2x.png */ = {isa = PBXFileReference; lastKnownFileType = image.png; path = "home@2x.png"; sourceTree = "<group>"; };
		1B28CF312369D07000C756B0 /* news@2x.png */ = {isa = PBXFileReference; lastKnownFileType = image.png; path = "news@2x.png"; sourceTree = "<group>"; };
		1B28CF332369D0CE00C756B0 /* camera@2x.png */ = {isa = PBXFileReference; lastKnownFileType = image.png; path = "camera@2x.png"; sourceTree = "<group>"; };
		1B28CF352369D12C00C756B0 /* location@2x.png */ = {isa = PBXFileReference; lastKnownFileType = image.png; path = "location@2x.png"; sourceTree = "<group>"; };
		1B28CF372369D1A200C756B0 /* diary@2x.png */ = {isa = PBXFileReference; lastKnownFileType = image.png; path = "diary@2x.png"; sourceTree = "<group>"; };
		1B28CF392369D59C00C756B0 /* ChalkboardSE.ttc */ = {isa = PBXFileReference; lastKnownFileType = file; path = ChalkboardSE.ttc; sourceTree = "<group>"; };
		1B2A97EA2371B06600113C8E /* image.swift */ = {isa = PBXFileReference; lastKnownFileType = sourcecode.swift; path = image.swift; sourceTree = "<group>"; };
		1B2B939B2322AEED0015CB8A /* Strings.swift */ = {isa = PBXFileReference; lastKnownFileType = sourcecode.swift; path = Strings.swift; sourceTree = "<group>"; };
		1B2B939E2322AF710015CB8A /* TabBar.strings */ = {isa = PBXFileReference; lastKnownFileType = text.plist.strings; path = TabBar.strings; sourceTree = "<group>"; };
		1B2CAB7B232141C700590B47 /* TabBerModel.swift */ = {isa = PBXFileReference; lastKnownFileType = sourcecode.swift; path = TabBerModel.swift; sourceTree = "<group>"; };
		1B2DC7AD23686FC600B9CB42 /* NavigationBar.swift */ = {isa = PBXFileReference; lastKnownFileType = sourcecode.swift; path = NavigationBar.swift; sourceTree = "<group>"; };
		1B2F08B123215470002BAF6E /* MemoriesViewController.swift */ = {isa = PBXFileReference; lastKnownFileType = sourcecode.swift; path = MemoriesViewController.swift; sourceTree = "<group>"; };
		1B2F08B823215A07002BAF6E /* Memories.storyboard */ = {isa = PBXFileReference; lastKnownFileType = file.storyboard; path = Memories.storyboard; sourceTree = "<group>"; };
		1B2FE996236C6CB000677ACA /* NewsTableViewCell.swift */ = {isa = PBXFileReference; lastKnownFileType = sourcecode.swift; path = NewsTableViewCell.swift; sourceTree = "<group>"; };
		1B2FE997236C6CB000677ACA /* NewsTableViewCell.xib */ = {isa = PBXFileReference; lastKnownFileType = file.xib; path = NewsTableViewCell.xib; sourceTree = "<group>"; };
		1B493B6A246841480078004C /* RealmSwift.framework */ = {isa = PBXFileReference; lastKnownFileType = wrapper.framework; name = RealmSwift.framework; path = Carthage/Build/iOS/RealmSwift.framework; sourceTree = "<group>"; };
		1B493B6C246841580078004C /* Realm.framework */ = {isa = PBXFileReference; lastKnownFileType = wrapper.framework; name = Realm.framework; path = Carthage/Build/iOS/Realm.framework; sourceTree = "<group>"; };
		1B4CB8652487CB40004E78A5 /* PhotoLibraryViewController.swift */ = {isa = PBXFileReference; lastKnownFileType = sourcecode.swift; path = PhotoLibraryViewController.swift; sourceTree = "<group>"; };
		1B4CB8672487CB55004E78A5 /* PhotoLibrary.storyboard */ = {isa = PBXFileReference; lastKnownFileType = file.storyboard; path = PhotoLibrary.storyboard; sourceTree = "<group>"; };
		1B4CB8692487D7CF004E78A5 /* PhotoImageCollectionViewCell.swift */ = {isa = PBXFileReference; lastKnownFileType = sourcecode.swift; path = PhotoImageCollectionViewCell.swift; sourceTree = "<group>"; };
		1B4CB86A2487D7CF004E78A5 /* PhotoImageCollectionViewCell.xib */ = {isa = PBXFileReference; lastKnownFileType = file.xib; path = PhotoImageCollectionViewCell.xib; sourceTree = "<group>"; };
		1B4CB86D2487DB0D004E78A5 /* delete@2x.png */ = {isa = PBXFileReference; lastKnownFileType = image.png; path = "delete@2x.png"; sourceTree = "<group>"; };
		1B4D87FB247F73E300DDE78B /* return_icon@2x.png */ = {isa = PBXFileReference; lastKnownFileType = image.png; path = "return_icon@2x.png"; sourceTree = "<group>"; };
		1B50A1E9246AD34500F08485 /* LocationDataCell.swift */ = {isa = PBXFileReference; lastKnownFileType = sourcecode.swift; path = LocationDataCell.swift; sourceTree = "<group>"; };
		1B50A1EA246AD34500F08485 /* LocationDataCell.xib */ = {isa = PBXFileReference; lastKnownFileType = file.xib; path = LocationDataCell.xib; sourceTree = "<group>"; };
		1B50AFF924910B71002E439C /* DiaryCell.swift */ = {isa = PBXFileReference; lastKnownFileType = sourcecode.swift; path = DiaryCell.swift; sourceTree = "<group>"; };
		1B50AFFA24910B71002E439C /* DiaryCell.xib */ = {isa = PBXFileReference; lastKnownFileType = file.xib; path = DiaryCell.xib; sourceTree = "<group>"; };
		1B53D77423B39ED100DA6E91 /* create@2x.png */ = {isa = PBXFileReference; lastKnownFileType = image.png; path = "create@2x.png"; sourceTree = "<group>"; };
		1B55298623B5D810000BF3C8 /* Splash.storyboard */ = {isa = PBXFileReference; lastKnownFileType = file.storyboard; path = Splash.storyboard; sourceTree = "<group>"; };
		1B55E7C523AA601A00D8402C /* LocationViewModel.swift */ = {isa = PBXFileReference; lastKnownFileType = sourcecode.swift; path = LocationViewModel.swift; sourceTree = "<group>"; };
		1B55E7C723AA608900D8402C /* Location.strings */ = {isa = PBXFileReference; lastKnownFileType = text.plist.strings; path = Location.strings; sourceTree = "<group>"; };
		1B5698F223A66F7B0095C7D3 /* Indicator.swift */ = {isa = PBXFileReference; lastKnownFileType = sourcecode.swift; path = Indicator.swift; sourceTree = "<group>"; };
		1B5A258C2470204400485B56 /* remove@2x.png */ = {isa = PBXFileReference; lastKnownFileType = image.png; path = "remove@2x.png"; sourceTree = "<group>"; };
		1B630A96243470E7007D22D0 /* ScheduleCreationViewController.swift */ = {isa = PBXFileReference; lastKnownFileType = sourcecode.swift; path = ScheduleCreationViewController.swift; sourceTree = "<group>"; };
		1B630A98243470FF007D22D0 /* ScheduleCreation.storyboard */ = {isa = PBXFileReference; lastKnownFileType = file.storyboard; path = ScheduleCreation.storyboard; sourceTree = "<group>"; };
		1B73AA7B2430300B008C02A4 /* NewsCollectionViewCell.swift */ = {isa = PBXFileReference; lastKnownFileType = sourcecode.swift; path = NewsCollectionViewCell.swift; sourceTree = "<group>"; };
		1B73AA7C2430300B008C02A4 /* NewsCollectionViewCell.xib */ = {isa = PBXFileReference; lastKnownFileType = file.xib; path = NewsCollectionViewCell.xib; sourceTree = "<group>"; };
		1B87B770244C264300488631 /* JBDatePicker.framework */ = {isa = PBXFileReference; lastKnownFileType = wrapper.framework; name = JBDatePicker.framework; path = Carthage/Build/iOS/JBDatePicker.framework; sourceTree = "<group>"; };
		1B87B773244C265000488631 /* LTMorphingLabel.framework */ = {isa = PBXFileReference; lastKnownFileType = wrapper.framework; name = LTMorphingLabel.framework; path = Carthage/Build/iOS/LTMorphingLabel.framework; sourceTree = "<group>"; };
		1B87B776244C265E00488631 /* NVActivityIndicatorView.framework */ = {isa = PBXFileReference; lastKnownFileType = wrapper.framework; name = NVActivityIndicatorView.framework; path = Carthage/Build/iOS/NVActivityIndicatorView.framework; sourceTree = "<group>"; };
		1B87B77F244C268300488631 /* SWXMLHash.framework */ = {isa = PBXFileReference; lastKnownFileType = wrapper.framework; name = SWXMLHash.framework; path = Carthage/Build/iOS/SWXMLHash.framework; sourceTree = "<group>"; };
		1B96D8A1248A930200C4A2FF /* closeButton@2x.png */ = {isa = PBXFileReference; lastKnownFileType = image.png; path = "closeButton@2x.png"; sourceTree = "<group>"; };
		1BAF7B4723A3DD30003C8A59 /* WebViewController.swift */ = {isa = PBXFileReference; lastKnownFileType = sourcecode.swift; path = WebViewController.swift; sourceTree = "<group>"; };
		1BAF7B4923A3DD7F003C8A59 /* WebView.storyboard */ = {isa = PBXFileReference; lastKnownFileType = file.storyboard; path = WebView.storyboard; sourceTree = "<group>"; };
		1BAF7B4B23A3DDF6003C8A59 /* WebView.swift */ = {isa = PBXFileReference; lastKnownFileType = sourcecode.swift; path = WebView.swift; sourceTree = "<group>"; };
		1BAF7B4D23A3DE6D003C8A59 /* Splash.swift */ = {isa = PBXFileReference; lastKnownFileType = sourcecode.swift; path = Splash.swift; sourceTree = "<group>"; };
		1BC88DB7236EE69B00C63F30 /* NewsViewModel.swift */ = {isa = PBXFileReference; lastKnownFileType = sourcecode.swift; path = NewsViewModel.swift; sourceTree = "<group>"; };
		1BD71D2F24684A280092206E /* DataManagement.swift */ = {isa = PBXFileReference; lastKnownFileType = sourcecode.swift; path = DataManagement.swift; sourceTree = "<group>"; };
		1BEDF577248134540096CDEB /* SlideView.swift */ = {isa = PBXFileReference; lastKnownFileType = sourcecode.swift; path = SlideView.swift; sourceTree = "<group>"; };
/* End PBXFileReference section */

/* Begin PBXFrameworksBuildPhase section */
		1B1054A1231D51E20067E7AF /* Frameworks */ = {
			isa = PBXFrameworksBuildPhase;
			buildActionMask = 2147483647;
			files = (
				1B493B6D246841580078004C /* Realm.framework in Frameworks */,
				1B493B6B246841480078004C /* RealmSwift.framework in Frameworks */,
				1B87B780244C268300488631 /* SWXMLHash.framework in Frameworks */,
				1B87B771244C264300488631 /* JBDatePicker.framework in Frameworks */,
				1B1C40E5245FED3800229040 /* RxSwift.framework in Frameworks */,
				1B1C40E4245FED3800229040 /* RxRelay.framework in Frameworks */,
				1B87B774244C265000488631 /* LTMorphingLabel.framework in Frameworks */,
				1B1C40E3245FED3800229040 /* RxCocoa.framework in Frameworks */,
				1B87B777244C265E00488631 /* NVActivityIndicatorView.framework in Frameworks */,
			);
			runOnlyForDeploymentPostprocessing = 0;
		};
		1B1054B5231D51E40067E7AF /* Frameworks */ = {
			isa = PBXFrameworksBuildPhase;
			buildActionMask = 2147483647;
			files = (
			);
			runOnlyForDeploymentPostprocessing = 0;
		};
		1B1054C0231D51E40067E7AF /* Frameworks */ = {
			isa = PBXFrameworksBuildPhase;
			buildActionMask = 2147483647;
			files = (
			);
			runOnlyForDeploymentPostprocessing = 0;
		};
/* End PBXFrameworksBuildPhase section */

/* Begin PBXGroup section */
		1B10549B231D51E20067E7AF = {
			isa = PBXGroup;
			children = (
				1B1054A6231D51E20067E7AF /* Diary */,
				1B2CAB762321367E00590B47 /* image */,
				1B1054A5231D51E20067E7AF /* Products */,
				50E545926C9D892A0931BB40 /* Frameworks */,
			);
			sourceTree = "<group>";
		};
		1B1054A5231D51E20067E7AF /* Products */ = {
			isa = PBXGroup;
			children = (
				1B1054A4231D51E20067E7AF /* Diary.app */,
				1B1054B8231D51E40067E7AF /* DiaryTests.xctest */,
				1B1054C3231D51E40067E7AF /* DiaryUITests.xctest */,
			);
			name = Products;
			sourceTree = "<group>";
		};
		1B1054A6231D51E20067E7AF /* Diary */ = {
			isa = PBXGroup;
			children = (
				1B2F08B523215476002BAF6E /* ViewController */,
				1BC88DB6236EE67500C63F30 /* ViewModel */,
				1B1054D5231EA64B0067E7AF /* Model */,
				1B2FE995236C6BED00677ACA /* Views */,
				1B1054A7231D51E20067E7AF /* AppDelegate.swift */,
				1B1054AE231D51E40067E7AF /* Assets.xcassets */,
				1B1054B0231D51E40067E7AF /* LaunchScreen.storyboard */,
				1B28CF392369D59C00C756B0 /* ChalkboardSE.ttc */,
				1B1054B3231D51E40067E7AF /* Info.plist */,
			);
			path = Diary;
			sourceTree = "<group>";
		};
		1B1054D5231EA64B0067E7AF /* Model */ = {
			isa = PBXGroup;
			children = (
				1B2A97E92371B04D00113C8E /* Image */,
				1B2DC7AC23686F5800B9CB42 /* NavigationBar */,
				1B2894EC232535460090A221 /* TabBar */,
				1B2B939D2322AEF10015CB8A /* Strings */,
				1BAF7B4B23A3DDF6003C8A59 /* WebView.swift */,
				1BAF7B4D23A3DE6D003C8A59 /* Splash.swift */,
				1B55298623B5D810000BF3C8 /* Splash.storyboard */,
				1BD71D2F24684A280092206E /* DataManagement.swift */,
			);
			path = Model;
			sourceTree = "<group>";
		};
		1B2894DD232523440090A221 /* Home */ = {
			isa = PBXGroup;
			children = (
				1B2894E4232531570090A221 /* HomeViewController.swift */,
				1B2894EA232531920090A221 /* Home.storyboard */,
			);
			path = Home;
			sourceTree = "<group>";
		};
		1B2894DE2325234B0090A221 /*  Location */ = {
			isa = PBXGroup;
			children = (
				1B2894E22325314C0090A221 /* LocationViewController.swift */,
				1B2894E8232531860090A221 /* Location.storyboard */,
			);
			path = " Location";
			sourceTree = "<group>";
		};
		1B2894DF232523E10090A221 /* News */ = {
			isa = PBXGroup;
			children = (
				1B2894E0232531370090A221 /* NewsViewController.swift */,
				1B2894E6232531670090A221 /* News.storyboard */,
				1B630A95243470B8007D22D0 /* ScheduleCreation */,
			);
			path = News;
			sourceTree = "<group>";
		};
		1B2894EC232535460090A221 /* TabBar */ = {
			isa = PBXGroup;
			children = (
				1B1054D6231EA6660067E7AF /* TabBer.swift */,
				1B2CAB7B232141C700590B47 /* TabBerModel.swift */,
				1B2B939E2322AF710015CB8A /* TabBar.strings */,
			);
			path = TabBar;
			sourceTree = "<group>";
		};
		1B2A97E92371B04D00113C8E /* Image */ = {
			isa = PBXGroup;
			children = (
				1B2A97EA2371B06600113C8E /* image.swift */,
			);
			path = Image;
			sourceTree = "<group>";
		};
		1B2B939D2322AEF10015CB8A /* Strings */ = {
			isa = PBXGroup;
			children = (
				1B2B939B2322AEED0015CB8A /* Strings.swift */,
			);
			path = Strings;
			sourceTree = "<group>";
		};
		1B2CAB762321367E00590B47 /* image */ = {
			isa = PBXGroup;
			children = (
				1B4CB86D2487DB0D004E78A5 /* delete@2x.png */,
				1B4D87FB247F73E300DDE78B /* return_icon@2x.png */,
				1B28CF372369D1A200C756B0 /* diary@2x.png */,
				1B28CF352369D12C00C756B0 /* location@2x.png */,
				1B28CF332369D0CE00C756B0 /* camera@2x.png */,
				1B28CF312369D07000C756B0 /* news@2x.png */,
				1B28CF2F2369CFF200C756B0 /* home@2x.png */,
				1B53D77423B39ED100DA6E91 /* create@2x.png */,
				1B96D8A1248A930200C4A2FF /* closeButton@2x.png */,
				1B5A258C2470204400485B56 /* remove@2x.png */,
			);
			path = image;
			sourceTree = "<group>";
		};
		1B2DC7AC23686F5800B9CB42 /* NavigationBar */ = {
			isa = PBXGroup;
			children = (
				1B2DC7AD23686FC600B9CB42 /* NavigationBar.swift */,
			);
			path = NavigationBar;
			sourceTree = "<group>";
		};
		1B2F08B523215476002BAF6E /* ViewController */ = {
			isa = PBXGroup;
			children = (
				1B2894DF232523E10090A221 /* News */,
				1B2894DE2325234B0090A221 /*  Location */,
				1B2F08B72321549D002BAF6E /* Memories */,
				1B2F08B623215490002BAF6E /* Diary */,
				1BAF7B4723A3DD30003C8A59 /* WebViewController.swift */,
				1BAF7B4923A3DD7F003C8A59 /* WebView.storyboard */,
			);
			path = ViewController;
			sourceTree = "<group>";
		};
		1B2F08B623215490002BAF6E /* Diary */ = {
			isa = PBXGroup;
			children = (
				1B1054A9231D51E20067E7AF /* DiaryViewController.swift */,
				1B1054AB231D51E20067E7AF /* Diary.storyboard */,
			);
			path = Diary;
			sourceTree = "<group>";
		};
		1B2F08B72321549D002BAF6E /* Memories */ = {
			isa = PBXGroup;
			children = (
				1B2894DD232523440090A221 /* Home */,
				1B4CB8642487CAF0004E78A5 /* PhotoLibrary */,
				1B2F08B123215470002BAF6E /* MemoriesViewController.swift */,
				1B2F08B823215A07002BAF6E /* Memories.storyboard */,
			);
			path = Memories;
			sourceTree = "<group>";
		};
		1B2FE995236C6BED00677ACA /* Views */ = {
			isa = PBXGroup;
			children = (
				1B2FE996236C6CB000677ACA /* NewsTableViewCell.swift */,
				1B2FE997236C6CB000677ACA /* NewsTableViewCell.xib */,
				1B73AA7B2430300B008C02A4 /* NewsCollectionViewCell.swift */,
				1B73AA7C2430300B008C02A4 /* NewsCollectionViewCell.xib */,
				1B5698F223A66F7B0095C7D3 /* Indicator.swift */,
				1B50A1E9246AD34500F08485 /* LocationDataCell.swift */,
				1B50A1EA246AD34500F08485 /* LocationDataCell.xib */,
				1BEDF577248134540096CDEB /* SlideView.swift */,
				1B4CB8692487D7CF004E78A5 /* PhotoImageCollectionViewCell.swift */,
				1B4CB86A2487D7CF004E78A5 /* PhotoImageCollectionViewCell.xib */,
				1B50AFF924910B71002E439C /* DiaryCell.swift */,
				1B50AFFA24910B71002E439C /* DiaryCell.xib */,
			);
			path = Views;
			sourceTree = "<group>";
		};
		1B3C70702466EC7500805A79 /* Location */ = {
			isa = PBXGroup;
			children = (
				1B55E7C523AA601A00D8402C /* LocationViewModel.swift */,
				1B55E7C723AA608900D8402C /* Location.strings */,
			);
			path = Location;
			sourceTree = "<group>";
		};
		1B4CB8642487CAF0004E78A5 /* PhotoLibrary */ = {
			isa = PBXGroup;
			children = (
				1B4CB8652487CB40004E78A5 /* PhotoLibraryViewController.swift */,
				1B4CB8672487CB55004E78A5 /* PhotoLibrary.storyboard */,
			);
			path = PhotoLibrary;
			sourceTree = "<group>";
		};
		1B630A95243470B8007D22D0 /* ScheduleCreation */ = {
			isa = PBXGroup;
			children = (
				1B630A96243470E7007D22D0 /* ScheduleCreationViewController.swift */,
				1B630A98243470FF007D22D0 /* ScheduleCreation.storyboard */,
			);
			path = ScheduleCreation;
			sourceTree = "<group>";
		};
		1BC88DB6236EE67500C63F30 /* ViewModel */ = {
			isa = PBXGroup;
			children = (
				1B3C70702466EC7500805A79 /* Location */,
				1BC88DBA236EE6AF00C63F30 /* News */,
			);
			path = ViewModel;
			sourceTree = "<group>";
		};
		1BC88DBA236EE6AF00C63F30 /* News */ = {
			isa = PBXGroup;
			children = (
				1BC88DB7236EE69B00C63F30 /* NewsViewModel.swift */,
			);
			path = News;
			sourceTree = "<group>";
		};
		50E545926C9D892A0931BB40 /* Frameworks */ = {
			isa = PBXGroup;
			children = (
				1B493B6C246841580078004C /* Realm.framework */,
				1B493B6A246841480078004C /* RealmSwift.framework */,
				1B1C40E0245FED3800229040 /* RxCocoa.framework */,
				1B1C40E1245FED3800229040 /* RxRelay.framework */,
				1B1C40E2245FED3800229040 /* RxSwift.framework */,
				1B87B77F244C268300488631 /* SWXMLHash.framework */,
				1B87B776244C265E00488631 /* NVActivityIndicatorView.framework */,
				1B87B773244C265000488631 /* LTMorphingLabel.framework */,
				1B87B770244C264300488631 /* JBDatePicker.framework */,
			);
			name = Frameworks;
			sourceTree = "<group>";
		};
/* End PBXGroup section */

/* Begin PBXHeadersBuildPhase section */
		1B6229BE23A512C700C15278 /* Headers */ = {
			isa = PBXHeadersBuildPhase;
			buildActionMask = 2147483647;
			files = (
			);
			runOnlyForDeploymentPostprocessing = 0;
		};
/* End PBXHeadersBuildPhase section */

/* Begin PBXNativeTarget section */
		1B1054A3231D51E20067E7AF /* Diary */ = {
			isa = PBXNativeTarget;
			buildConfigurationList = 1B1054CC231D51E40067E7AF /* Build configuration list for PBXNativeTarget "Diary" */;
			buildPhases = (
				1B6229BE23A512C700C15278 /* Headers */,
				1B1054A0231D51E20067E7AF /* Sources */,
				1B1054A1231D51E20067E7AF /* Frameworks */,
				1B1054A2231D51E20067E7AF /* Resources */,
				1B17FC2623A5C0C300100198 /* ShellScript */,
				1B4409B623BE354D008BC07C /* Embed Frameworks */,
			);
			buildRules = (
			);
			dependencies = (
			);
			name = Diary;
			productName = Diary;
			productReference = 1B1054A4231D51E20067E7AF /* Diary.app */;
			productType = "com.apple.product-type.application";
		};
		1B1054B7231D51E40067E7AF /* DiaryTests */ = {
			isa = PBXNativeTarget;
			buildConfigurationList = 1B1054CF231D51E40067E7AF /* Build configuration list for PBXNativeTarget "DiaryTests" */;
			buildPhases = (
				2B098DAD863D0C4D66160C66 /* [CP] Check Pods Manifest.lock */,
				1B1054B4231D51E40067E7AF /* Sources */,
				1B1054B5231D51E40067E7AF /* Frameworks */,
				1B1054B6231D51E40067E7AF /* Resources */,
			);
			buildRules = (
			);
			dependencies = (
				1B1054BA231D51E40067E7AF /* PBXTargetDependency */,
			);
			name = DiaryTests;
			productName = DiaryTests;
			productReference = 1B1054B8231D51E40067E7AF /* DiaryTests.xctest */;
			productType = "com.apple.product-type.bundle.unit-test";
		};
		1B1054C2231D51E40067E7AF /* DiaryUITests */ = {
			isa = PBXNativeTarget;
			buildConfigurationList = 1B1054D2231D51E40067E7AF /* Build configuration list for PBXNativeTarget "DiaryUITests" */;
			buildPhases = (
				1CF38EC0217284679C8305F1 /* [CP] Check Pods Manifest.lock */,
				1B1054BF231D51E40067E7AF /* Sources */,
				1B1054C0231D51E40067E7AF /* Frameworks */,
				1B1054C1231D51E40067E7AF /* Resources */,
			);
			buildRules = (
			);
			dependencies = (
				1B1054C5231D51E40067E7AF /* PBXTargetDependency */,
			);
			name = DiaryUITests;
			productName = DiaryUITests;
			productReference = 1B1054C3231D51E40067E7AF /* DiaryUITests.xctest */;
			productType = "com.apple.product-type.bundle.ui-testing";
		};
/* End PBXNativeTarget section */

/* Begin PBXProject section */
		1B10549C231D51E20067E7AF /* Project object */ = {
			isa = PBXProject;
			attributes = {
				LastSwiftUpdateCheck = 1010;
				LastUpgradeCheck = 1010;
				ORGANIZATIONNAME = futami;
				TargetAttributes = {
					1B1054A3231D51E20067E7AF = {
						CreatedOnToolsVersion = 10.1;
					};
					1B1054B7231D51E40067E7AF = {
						CreatedOnToolsVersion = 10.1;
						TestTargetID = 1B1054A3231D51E20067E7AF;
					};
					1B1054C2231D51E40067E7AF = {
						CreatedOnToolsVersion = 10.1;
						TestTargetID = 1B1054A3231D51E20067E7AF;
					};
				};
			};
			buildConfigurationList = 1B10549F231D51E20067E7AF /* Build configuration list for PBXProject "Diary" */;
			compatibilityVersion = "Xcode 9.3";
			developmentRegion = en;
			hasScannedForEncodings = 0;
			knownRegions = (
				en,
				Base,
			);
			mainGroup = 1B10549B231D51E20067E7AF;
			productRefGroup = 1B1054A5231D51E20067E7AF /* Products */;
			projectDirPath = "";
			projectRoot = "";
			targets = (
				1B1054A3231D51E20067E7AF /* Diary */,
				1B1054B7231D51E40067E7AF /* DiaryTests */,
				1B1054C2231D51E40067E7AF /* DiaryUITests */,
			);
		};
/* End PBXProject section */

/* Begin PBXResourcesBuildPhase section */
		1B1054A2231D51E20067E7AF /* Resources */ = {
			isa = PBXResourcesBuildPhase;
			buildActionMask = 2147483647;
			files = (
				1B50A1EC246AD34500F08485 /* LocationDataCell.xib in Resources */,
				1B1054B2231D51E40067E7AF /* LaunchScreen.storyboard in Resources */,
				1B2894EB232531920090A221 /* Home.storyboard in Resources */,
				1B55298723B5D810000BF3C8 /* Splash.storyboard in Resources */,
				1B4CB86E2487DB0D004E78A5 /* delete@2x.png in Resources */,
				1BAF7B4A23A3DD7F003C8A59 /* WebView.storyboard in Resources */,
				1B96D8A2248A930200C4A2FF /* closeButton@2x.png in Resources */,
				1B1054AF231D51E40067E7AF /* Assets.xcassets in Resources */,
				1B630A99243470FF007D22D0 /* ScheduleCreation.storyboard in Resources */,
				1B50AFFC24910B71002E439C /* DiaryCell.xib in Resources */,
				1B28CF342369D0CE00C756B0 /* camera@2x.png in Resources */,
				1B2FE999236C6CB000677ACA /* NewsTableViewCell.xib in Resources */,
				1B28CF382369D1A200C756B0 /* diary@2x.png in Resources */,
				1B2894E7232531670090A221 /* News.storyboard in Resources */,
				1B28CF362369D12C00C756B0 /* location@2x.png in Resources */,
				1B4CB86C2487D7CF004E78A5 /* PhotoImageCollectionViewCell.xib in Resources */,
				1B53D77523B39ED100DA6E91 /* create@2x.png in Resources */,
				1B2894E9232531860090A221 /* Location.storyboard in Resources */,
				1B4D87FC247F73E400DDE78B /* return_icon@2x.png in Resources */,
				1B4CB8682487CB55004E78A5 /* PhotoLibrary.storyboard in Resources */,
				1B28CF302369CFF300C756B0 /* home@2x.png in Resources */,
				1B73AA7E2430300B008C02A4 /* NewsCollectionViewCell.xib in Resources */,
				1B28CF322369D07000C756B0 /* news@2x.png in Resources */,
				1B5A258D2470204400485B56 /* remove@2x.png in Resources */,
				1B55E7C823AA608900D8402C /* Location.strings in Resources */,
				1B28CF3A2369D59C00C756B0 /* ChalkboardSE.ttc in Resources */,
				1B1054AD231D51E20067E7AF /* Diary.storyboard in Resources */,
				1B2B939F2322AF710015CB8A /* TabBar.strings in Resources */,
				1B2F08B923215A07002BAF6E /* Memories.storyboard in Resources */,
			);
			runOnlyForDeploymentPostprocessing = 0;
		};
		1B1054B6231D51E40067E7AF /* Resources */ = {
			isa = PBXResourcesBuildPhase;
			buildActionMask = 2147483647;
			files = (
			);
			runOnlyForDeploymentPostprocessing = 0;
		};
		1B1054C1231D51E40067E7AF /* Resources */ = {
			isa = PBXResourcesBuildPhase;
			buildActionMask = 2147483647;
			files = (
			);
			runOnlyForDeploymentPostprocessing = 0;
		};
/* End PBXResourcesBuildPhase section */

/* Begin PBXShellScriptBuildPhase section */
		1B17FC2623A5C0C300100198 /* ShellScript */ = {
			isa = PBXShellScriptBuildPhase;
			buildActionMask = 2147483647;
			files = (
			);
			inputFileListPaths = (
			);
			inputPaths = (
				"$(SRCROOT)/Carthage/Build/iOS/RxSwift.framework",
				"$(SRCROOT)/Carthage/Build/iOS/RxCocoa.framework",
				"$(SRCROOT)/Carthage/Build/iOS/JBDatePicker.framework",
				"$(SRCROOT)/Carthage/Build/iOS/SWXMLHash.framework",
				"$(SRCROOT)/Carthage/Build/iOS/NVActivityIndicatorView.framework",
				"$(SRCROOT)/Carthage/Build/iOS/LTMorphingLabel.framework",
				"$(SRCROOT)/Carthage/Build/iOS/RxRelay.framework",
				"$(SRCROOT)/Carthage/Build/iOS/Realm.framework",
				"$(SRCROOT)/Carthage/Build/iOS/RealmSwift.framework",
			);
			outputFileListPaths = (
			);
			outputPaths = (
			);
			runOnlyForDeploymentPostprocessing = 0;
			shellPath = /bin/sh;
			shellScript = "/usr/local/bin/carthage copy-frameworks\n";
		};
		1CF38EC0217284679C8305F1 /* [CP] Check Pods Manifest.lock */ = {
			isa = PBXShellScriptBuildPhase;
			buildActionMask = 2147483647;
			files = (
			);
			inputFileListPaths = (
			);
			inputPaths = (
				"${PODS_PODFILE_DIR_PATH}/Podfile.lock",
				"${PODS_ROOT}/Manifest.lock",
			);
			name = "[CP] Check Pods Manifest.lock";
			outputFileListPaths = (
			);
			outputPaths = (
				"$(DERIVED_FILE_DIR)/Pods-DiaryUITests-checkManifestLockResult.txt",
			);
			runOnlyForDeploymentPostprocessing = 0;
			shellPath = /bin/sh;
			shellScript = "diff \"${PODS_PODFILE_DIR_PATH}/Podfile.lock\" \"${PODS_ROOT}/Manifest.lock\" > /dev/null\nif [ $? != 0 ] ; then\n    # print error to STDERR\n    echo \"error: The sandbox is not in sync with the Podfile.lock. Run 'pod install' or update your CocoaPods installation.\" >&2\n    exit 1\nfi\n# This output is used by Xcode 'outputs' to avoid re-running this script phase.\necho \"SUCCESS\" > \"${SCRIPT_OUTPUT_FILE_0}\"\n";
			showEnvVarsInLog = 0;
		};
		2B098DAD863D0C4D66160C66 /* [CP] Check Pods Manifest.lock */ = {
			isa = PBXShellScriptBuildPhase;
			buildActionMask = 2147483647;
			files = (
			);
			inputFileListPaths = (
			);
			inputPaths = (
				"${PODS_PODFILE_DIR_PATH}/Podfile.lock",
				"${PODS_ROOT}/Manifest.lock",
			);
			name = "[CP] Check Pods Manifest.lock";
			outputFileListPaths = (
			);
			outputPaths = (
				"$(DERIVED_FILE_DIR)/Pods-DiaryTests-checkManifestLockResult.txt",
			);
			runOnlyForDeploymentPostprocessing = 0;
			shellPath = /bin/sh;
			shellScript = "diff \"${PODS_PODFILE_DIR_PATH}/Podfile.lock\" \"${PODS_ROOT}/Manifest.lock\" > /dev/null\nif [ $? != 0 ] ; then\n    # print error to STDERR\n    echo \"error: The sandbox is not in sync with the Podfile.lock. Run 'pod install' or update your CocoaPods installation.\" >&2\n    exit 1\nfi\n# This output is used by Xcode 'outputs' to avoid re-running this script phase.\necho \"SUCCESS\" > \"${SCRIPT_OUTPUT_FILE_0}\"\n";
			showEnvVarsInLog = 0;
		};
/* End PBXShellScriptBuildPhase section */

/* Begin PBXSourcesBuildPhase section */
		1B1054A0231D51E20067E7AF /* Sources */ = {
			isa = PBXSourcesBuildPhase;
			buildActionMask = 2147483647;
			files = (
				1B1054AA231D51E20067E7AF /* DiaryViewController.swift in Sources */,
				1BAF7B4C23A3DDF6003C8A59 /* WebView.swift in Sources */,
				1B4CB8662487CB40004E78A5 /* PhotoLibraryViewController.swift in Sources */,
				1B2F08B323215470002BAF6E /* MemoriesViewController.swift in Sources */,
				1B55E7C623AA601A00D8402C /* LocationViewModel.swift in Sources */,
				1B2FE998236C6CB000677ACA /* NewsTableViewCell.swift in Sources */,
				1B2CAB7C232141C700590B47 /* TabBerModel.swift in Sources */,
				1B1054A8231D51E20067E7AF /* AppDelegate.swift in Sources */,
				1B2A97EB2371B06600113C8E /* image.swift in Sources */,
				1B5698F323A66F7B0095C7D3 /* Indicator.swift in Sources */,
				1BAF7B4823A3DD30003C8A59 /* WebViewController.swift in Sources */,
				1B2DC7AE23686FC600B9CB42 /* NavigationBar.swift in Sources */,
				1B2894E1232531370090A221 /* NewsViewController.swift in Sources */,
				1B2894E5232531570090A221 /* HomeViewController.swift in Sources */,
				1B2B939C2322AEED0015CB8A /* Strings.swift in Sources */,
				1B50AFFB24910B71002E439C /* DiaryCell.swift in Sources */,
				1B4CB86B2487D7CF004E78A5 /* PhotoImageCollectionViewCell.swift in Sources */,
				1BC88DB8236EE69B00C63F30 /* NewsViewModel.swift in Sources */,
				1B1054D7231EA6660067E7AF /* TabBer.swift in Sources */,
				1BEDF578248134540096CDEB /* SlideView.swift in Sources */,
				1BD71D3024684A280092206E /* DataManagement.swift in Sources */,
				1B2894E32325314C0090A221 /* LocationViewController.swift in Sources */,
				1B50A1EB246AD34500F08485 /* LocationDataCell.swift in Sources */,
				1B630A97243470E7007D22D0 /* ScheduleCreationViewController.swift in Sources */,
				1BAF7B4E23A3DE6D003C8A59 /* Splash.swift in Sources */,
				1B73AA7D2430300B008C02A4 /* NewsCollectionViewCell.swift in Sources */,
			);
			runOnlyForDeploymentPostprocessing = 0;
		};
		1B1054B4231D51E40067E7AF /* Sources */ = {
			isa = PBXSourcesBuildPhase;
			buildActionMask = 2147483647;
			files = (
			);
			runOnlyForDeploymentPostprocessing = 0;
		};
		1B1054BF231D51E40067E7AF /* Sources */ = {
			isa = PBXSourcesBuildPhase;
			buildActionMask = 2147483647;
			files = (
			);
			runOnlyForDeploymentPostprocessing = 0;
		};
/* End PBXSourcesBuildPhase section */

/* Begin PBXTargetDependency section */
		1B1054BA231D51E40067E7AF /* PBXTargetDependency */ = {
			isa = PBXTargetDependency;
			target = 1B1054A3231D51E20067E7AF /* Diary */;
			targetProxy = 1B1054B9231D51E40067E7AF /* PBXContainerItemProxy */;
		};
		1B1054C5231D51E40067E7AF /* PBXTargetDependency */ = {
			isa = PBXTargetDependency;
			target = 1B1054A3231D51E20067E7AF /* Diary */;
			targetProxy = 1B1054C4231D51E40067E7AF /* PBXContainerItemProxy */;
		};
/* End PBXTargetDependency section */

/* Begin PBXVariantGroup section */
		1B1054AB231D51E20067E7AF /* Diary.storyboard */ = {
			isa = PBXVariantGroup;
			children = (
				1B1054AC231D51E20067E7AF /* Base */,
			);
			name = Diary.storyboard;
			sourceTree = "<group>";
		};
		1B1054B0231D51E40067E7AF /* LaunchScreen.storyboard */ = {
			isa = PBXVariantGroup;
			children = (
				1B1054B1231D51E40067E7AF /* Base */,
			);
			name = LaunchScreen.storyboard;
			sourceTree = "<group>";
		};
/* End PBXVariantGroup section */

/* Begin XCBuildConfiguration section */
		1B1054CA231D51E40067E7AF /* Debug */ = {
			isa = XCBuildConfiguration;
			buildSettings = {
				ALWAYS_SEARCH_USER_PATHS = NO;
				CLANG_ANALYZER_NONNULL = YES;
				CLANG_ANALYZER_NUMBER_OBJECT_CONVERSION = YES_AGGRESSIVE;
				CLANG_CXX_LANGUAGE_STANDARD = "gnu++14";
				CLANG_CXX_LIBRARY = "libc++";
				CLANG_ENABLE_MODULES = YES;
				CLANG_ENABLE_OBJC_ARC = YES;
				CLANG_ENABLE_OBJC_WEAK = YES;
				CLANG_WARN_BLOCK_CAPTURE_AUTORELEASING = YES;
				CLANG_WARN_BOOL_CONVERSION = YES;
				CLANG_WARN_COMMA = YES;
				CLANG_WARN_CONSTANT_CONVERSION = YES;
				CLANG_WARN_DEPRECATED_OBJC_IMPLEMENTATIONS = YES;
				CLANG_WARN_DIRECT_OBJC_ISA_USAGE = YES_ERROR;
				CLANG_WARN_DOCUMENTATION_COMMENTS = YES;
				CLANG_WARN_EMPTY_BODY = YES;
				CLANG_WARN_ENUM_CONVERSION = YES;
				CLANG_WARN_INFINITE_RECURSION = YES;
				CLANG_WARN_INT_CONVERSION = YES;
				CLANG_WARN_NON_LITERAL_NULL_CONVERSION = YES;
				CLANG_WARN_OBJC_IMPLICIT_RETAIN_SELF = YES;
				CLANG_WARN_OBJC_LITERAL_CONVERSION = YES;
				CLANG_WARN_OBJC_ROOT_CLASS = YES_ERROR;
				CLANG_WARN_RANGE_LOOP_ANALYSIS = YES;
				CLANG_WARN_STRICT_PROTOTYPES = YES;
				CLANG_WARN_SUSPICIOUS_MOVE = YES;
				CLANG_WARN_UNGUARDED_AVAILABILITY = YES_AGGRESSIVE;
				CLANG_WARN_UNREACHABLE_CODE = YES;
				CLANG_WARN__DUPLICATE_METHOD_MATCH = YES;
				CODE_SIGN_IDENTITY = "iPhone Developer";
				COPY_PHASE_STRIP = NO;
				DEBUG_INFORMATION_FORMAT = dwarf;
				ENABLE_STRICT_OBJC_MSGSEND = YES;
				ENABLE_TESTABILITY = YES;
				GCC_C_LANGUAGE_STANDARD = gnu11;
				GCC_DYNAMIC_NO_PIC = NO;
				GCC_NO_COMMON_BLOCKS = YES;
				GCC_OPTIMIZATION_LEVEL = 0;
				GCC_PREPROCESSOR_DEFINITIONS = (
					"DEBUG=1",
					"$(inherited)",
				);
				GCC_WARN_64_TO_32_BIT_CONVERSION = YES;
				GCC_WARN_ABOUT_RETURN_TYPE = YES_ERROR;
				GCC_WARN_UNDECLARED_SELECTOR = YES;
				GCC_WARN_UNINITIALIZED_AUTOS = YES_AGGRESSIVE;
				GCC_WARN_UNUSED_FUNCTION = YES;
				GCC_WARN_UNUSED_VARIABLE = YES;
				IPHONEOS_DEPLOYMENT_TARGET = 12.1;
				MTL_ENABLE_DEBUG_INFO = INCLUDE_SOURCE;
				MTL_FAST_MATH = YES;
				ONLY_ACTIVE_ARCH = YES;
				SDKROOT = iphoneos;
				SWIFT_ACTIVE_COMPILATION_CONDITIONS = DEBUG;
				SWIFT_OPTIMIZATION_LEVEL = "-Onone";
			};
			name = Debug;
		};
		1B1054CB231D51E40067E7AF /* Release */ = {
			isa = XCBuildConfiguration;
			buildSettings = {
				ALWAYS_SEARCH_USER_PATHS = NO;
				CLANG_ANALYZER_NONNULL = YES;
				CLANG_ANALYZER_NUMBER_OBJECT_CONVERSION = YES_AGGRESSIVE;
				CLANG_CXX_LANGUAGE_STANDARD = "gnu++14";
				CLANG_CXX_LIBRARY = "libc++";
				CLANG_ENABLE_MODULES = YES;
				CLANG_ENABLE_OBJC_ARC = YES;
				CLANG_ENABLE_OBJC_WEAK = YES;
				CLANG_WARN_BLOCK_CAPTURE_AUTORELEASING = YES;
				CLANG_WARN_BOOL_CONVERSION = YES;
				CLANG_WARN_COMMA = YES;
				CLANG_WARN_CONSTANT_CONVERSION = YES;
				CLANG_WARN_DEPRECATED_OBJC_IMPLEMENTATIONS = YES;
				CLANG_WARN_DIRECT_OBJC_ISA_USAGE = YES_ERROR;
				CLANG_WARN_DOCUMENTATION_COMMENTS = YES;
				CLANG_WARN_EMPTY_BODY = YES;
				CLANG_WARN_ENUM_CONVERSION = YES;
				CLANG_WARN_INFINITE_RECURSION = YES;
				CLANG_WARN_INT_CONVERSION = YES;
				CLANG_WARN_NON_LITERAL_NULL_CONVERSION = YES;
				CLANG_WARN_OBJC_IMPLICIT_RETAIN_SELF = YES;
				CLANG_WARN_OBJC_LITERAL_CONVERSION = YES;
				CLANG_WARN_OBJC_ROOT_CLASS = YES_ERROR;
				CLANG_WARN_RANGE_LOOP_ANALYSIS = YES;
				CLANG_WARN_STRICT_PROTOTYPES = YES;
				CLANG_WARN_SUSPICIOUS_MOVE = YES;
				CLANG_WARN_UNGUARDED_AVAILABILITY = YES_AGGRESSIVE;
				CLANG_WARN_UNREACHABLE_CODE = YES;
				CLANG_WARN__DUPLICATE_METHOD_MATCH = YES;
				CODE_SIGN_IDENTITY = "iPhone Developer";
				COPY_PHASE_STRIP = NO;
				DEBUG_INFORMATION_FORMAT = "dwarf-with-dsym";
				ENABLE_NS_ASSERTIONS = NO;
				ENABLE_STRICT_OBJC_MSGSEND = YES;
				GCC_C_LANGUAGE_STANDARD = gnu11;
				GCC_NO_COMMON_BLOCKS = YES;
				GCC_WARN_64_TO_32_BIT_CONVERSION = YES;
				GCC_WARN_ABOUT_RETURN_TYPE = YES_ERROR;
				GCC_WARN_UNDECLARED_SELECTOR = YES;
				GCC_WARN_UNINITIALIZED_AUTOS = YES_AGGRESSIVE;
				GCC_WARN_UNUSED_FUNCTION = YES;
				GCC_WARN_UNUSED_VARIABLE = YES;
				IPHONEOS_DEPLOYMENT_TARGET = 12.1;
				MTL_ENABLE_DEBUG_INFO = NO;
				MTL_FAST_MATH = YES;
				SDKROOT = iphoneos;
				SWIFT_COMPILATION_MODE = wholemodule;
				SWIFT_OPTIMIZATION_LEVEL = "-O";
				VALIDATE_PRODUCT = YES;
			};
			name = Release;
		};
		1B1054CD231D51E40067E7AF /* Debug */ = {
			isa = XCBuildConfiguration;
			buildSettings = {
				ASSETCATALOG_COMPILER_APPICON_NAME = AppIcon;
				CODE_SIGN_IDENTITY = "iPhone Developer";
				CODE_SIGN_STYLE = Automatic;
				DEVELOPMENT_TEAM = DH8AS82JB4;
				FRAMEWORK_SEARCH_PATHS = (
					"$(inherited)",
					"$(PROJECT_DIR)/Carthage/Build/iOS",
					"$(PROJECT_DIR)",
				);
				INFOPLIST_FILE = Diary/Info.plist;
				INSTALL_PATH = "@executable_path /../ Frameworks";
				LD_RUNPATH_SEARCH_PATHS = (
					"$(inherited)",
					"@executable_path/Frameworks",
				);
				PRODUCT_BUNDLE_IDENTIFIER = jp.co.sample.futami.Diary;
				PRODUCT_NAME = "$(TARGET_NAME)";
				PROVISIONING_PROFILE_SPECIFIER = "";
				SWIFT_VERSION = 4.2;
				TARGETED_DEVICE_FAMILY = "1,2";
			};
			name = Debug;
		};
		1B1054CE231D51E40067E7AF /* Release */ = {
			isa = XCBuildConfiguration;
			buildSettings = {
				ASSETCATALOG_COMPILER_APPICON_NAME = AppIcon;
				CODE_SIGN_IDENTITY = "iPhone Developer";
				CODE_SIGN_STYLE = Automatic;
				DEVELOPMENT_TEAM = DH8AS82JB4;
				FRAMEWORK_SEARCH_PATHS = (
					"$(inherited)",
					"$(PROJECT_DIR)/Carthage/Build/iOS",
					"$(PROJECT_DIR)",
				);
				INFOPLIST_FILE = Diary/Info.plist;
				INSTALL_PATH = "@executable_path /../ Frameworks";
				LD_RUNPATH_SEARCH_PATHS = (
					"$(inherited)",
					"@executable_path/Frameworks",
				);
				PRODUCT_BUNDLE_IDENTIFIER = jp.co.sample.futami.Diary;
				PRODUCT_NAME = "$(TARGET_NAME)";
				PROVISIONING_PROFILE_SPECIFIER = "";
				SWIFT_VERSION = 4.2;
				TARGETED_DEVICE_FAMILY = "1,2";
			};
			name = Release;
		};
		1B1054D0231D51E40067E7AF /* Debug */ = {
			isa = XCBuildConfiguration;
			buildSettings = {
				ALWAYS_EMBED_SWIFT_STANDARD_LIBRARIES = YES;
				BUNDLE_LOADER = "$(TEST_HOST)";
				CODE_SIGN_STYLE = Automatic;
				DEVELOPMENT_TEAM = DH8AS82JB4;
				INFOPLIST_FILE = DiaryTests/Info.plist;
				LD_RUNPATH_SEARCH_PATHS = (
					"$(inherited)",
					"@executable_path/Frameworks",
					"@loader_path/Frameworks",
				);
				PRODUCT_BUNDLE_IDENTIFIER = jp.co.sample.futami.DiaryTests;
				PRODUCT_NAME = "$(TARGET_NAME)";
				SWIFT_VERSION = 4.2;
				TARGETED_DEVICE_FAMILY = "1,2";
				TEST_HOST = "$(BUILT_PRODUCTS_DIR)/Diary.app/Diary";
			};
			name = Debug;
		};
		1B1054D1231D51E40067E7AF /* Release */ = {
			isa = XCBuildConfiguration;
			buildSettings = {
				ALWAYS_EMBED_SWIFT_STANDARD_LIBRARIES = YES;
				BUNDLE_LOADER = "$(TEST_HOST)";
				CODE_SIGN_STYLE = Automatic;
				DEVELOPMENT_TEAM = DH8AS82JB4;
				INFOPLIST_FILE = DiaryTests/Info.plist;
				LD_RUNPATH_SEARCH_PATHS = (
					"$(inherited)",
					"@executable_path/Frameworks",
					"@loader_path/Frameworks",
				);
				PRODUCT_BUNDLE_IDENTIFIER = jp.co.sample.futami.DiaryTests;
				PRODUCT_NAME = "$(TARGET_NAME)";
				SWIFT_VERSION = 4.2;
				TARGETED_DEVICE_FAMILY = "1,2";
				TEST_HOST = "$(BUILT_PRODUCTS_DIR)/Diary.app/Diary";
			};
			name = Release;
		};
		1B1054D3231D51E40067E7AF /* Debug */ = {
			isa = XCBuildConfiguration;
			buildSettings = {
				ALWAYS_EMBED_SWIFT_STANDARD_LIBRARIES = YES;
				CODE_SIGN_STYLE = Automatic;
				DEVELOPMENT_TEAM = DH8AS82JB4;
				INFOPLIST_FILE = DiaryUITests/Info.plist;
				LD_RUNPATH_SEARCH_PATHS = (
					"$(inherited)",
					"@executable_path/Frameworks",
					"@loader_path/Frameworks",
				);
				PRODUCT_BUNDLE_IDENTIFIER = jp.co.sample.futami.DiaryUITests;
				PRODUCT_NAME = "$(TARGET_NAME)";
				SWIFT_VERSION = 4.2;
				TARGETED_DEVICE_FAMILY = "1,2";
				TEST_TARGET_NAME = Diary;
			};
			name = Debug;
		};
		1B1054D4231D51E40067E7AF /* Release */ = {
			isa = XCBuildConfiguration;
			buildSettings = {
				ALWAYS_EMBED_SWIFT_STANDARD_LIBRARIES = YES;
				CODE_SIGN_STYLE = Automatic;
				DEVELOPMENT_TEAM = DH8AS82JB4;
				INFOPLIST_FILE = DiaryUITests/Info.plist;
				LD_RUNPATH_SEARCH_PATHS = (
					"$(inherited)",
					"@executable_path/Frameworks",
					"@loader_path/Frameworks",
				);
				PRODUCT_BUNDLE_IDENTIFIER = jp.co.sample.futami.DiaryUITests;
				PRODUCT_NAME = "$(TARGET_NAME)";
				SWIFT_VERSION = 4.2;
				TARGETED_DEVICE_FAMILY = "1,2";
				TEST_TARGET_NAME = Diary;
			};
			name = Release;
		};
/* End XCBuildConfiguration section */

/* Begin XCConfigurationList section */
		1B10549F231D51E20067E7AF /* Build configuration list for PBXProject "Diary" */ = {
			isa = XCConfigurationList;
			buildConfigurations = (
				1B1054CA231D51E40067E7AF /* Debug */,
				1B1054CB231D51E40067E7AF /* Release */,
			);
			defaultConfigurationIsVisible = 0;
			defaultConfigurationName = Release;
		};
		1B1054CC231D51E40067E7AF /* Build configuration list for PBXNativeTarget "Diary" */ = {
			isa = XCConfigurationList;
			buildConfigurations = (
				1B1054CD231D51E40067E7AF /* Debug */,
				1B1054CE231D51E40067E7AF /* Release */,
			);
			defaultConfigurationIsVisible = 0;
			defaultConfigurationName = Release;
		};
		1B1054CF231D51E40067E7AF /* Build configuration list for PBXNativeTarget "DiaryTests" */ = {
			isa = XCConfigurationList;
			buildConfigurations = (
				1B1054D0231D51E40067E7AF /* Debug */,
				1B1054D1231D51E40067E7AF /* Release */,
			);
			defaultConfigurationIsVisible = 0;
			defaultConfigurationName = Release;
		};
		1B1054D2231D51E40067E7AF /* Build configuration list for PBXNativeTarget "DiaryUITests" */ = {
			isa = XCConfigurationList;
			buildConfigurations = (
				1B1054D3231D51E40067E7AF /* Debug */,
				1B1054D4231D51E40067E7AF /* Release */,
			);
			defaultConfigurationIsVisible = 0;
			defaultConfigurationName = Release;
		};
/* End XCConfigurationList section */
	};
	rootObject = 1B10549C231D51E20067E7AF /* Project object */;
}
